// !$*UTF8*$!
{
	archiveVersion = 1;
	classes = {
	};
	objectVersion = 50;
	objects = {

/* Begin PBXBuildFile section */
		A56B8E51207EFA9F00841A6D /* AppDelegate.swift in Sources */ = {isa = PBXBuildFile; fileRef = A56B8E50207EFA9F00841A6D /* AppDelegate.swift */; };
		A56B8E53207EFA9F00841A6D /* ViewController.swift in Sources */ = {isa = PBXBuildFile; fileRef = A56B8E52207EFA9F00841A6D /* ViewController.swift */; };
		A56B8E56207EFA9F00841A6D /* Main.storyboard in Resources */ = {isa = PBXBuildFile; fileRef = A56B8E54207EFA9F00841A6D /* Main.storyboard */; };
		A56B8E58207EFAA100841A6D /* Assets.xcassets in Resources */ = {isa = PBXBuildFile; fileRef = A56B8E57207EFAA100841A6D /* Assets.xcassets */; };
		A56B8E5B207EFAA100841A6D /* LaunchScreen.storyboard in Resources */ = {isa = PBXBuildFile; fileRef = A56B8E59207EFAA100841A6D /* LaunchScreen.storyboard */; };
/* End PBXBuildFile section */

/* Begin PBXFileReference section */
		A56B8E4D207EFA9F00841A6D /* HorizontalUIPickerView.app */ = {isa = PBXFileReference; explicitFileType = wrapper.application; includeInIndex = 0; path = HorizontalUIPickerView.app; sourceTree = BUILT_PRODUCTS_DIR; };
		A56B8E50207EFA9F00841A6D /* AppDelegate.swift */ = {isa = PBXFileReference; lastKnownFileType = sourcecode.swift; path = AppDelegate.swift; sourceTree = "<group>"; };
		A56B8E52207EFA9F00841A6D /* ViewController.swift */ = {isa = PBXFileReference; lastKnownFileType = sourcecode.swift; path = ViewController.swift; sourceTree = "<group>"; };
		A56B8E55207EFA9F00841A6D /* Base */ = {isa = PBXFileReference; lastKnownFileType = file.storyboard; name = Base; path = Base.lproj/Main.storyboard; sourceTree = "<group>"; };
		A56B8E57207EFAA100841A6D /* Assets.xcassets */ = {isa = PBXFileReference; lastKnownFileType = folder.assetcatalog; path = Assets.xcassets; sourceTree = "<group>"; };
		A56B8E5A207EFAA100841A6D /* Base */ = {isa = PBXFileReference; lastKnownFileType = file.storyboard; name = Base; path = Base.lproj/LaunchScreen.storyboard; sourceTree = "<group>"; };
		A56B8E5C207EFAA100841A6D /* Info.plist */ = {isa = PBXFileReference; lastKnownFileType = text.plist.xml; path = Info.plist; sourceTree = "<group>"; };
/* End PBXFileReference section */

/* Begin PBXFrameworksBuildPhase section */
		A56B8E4A207EFA9F00841A6D /* Frameworks */ = {
			isa = PBXFrameworksBuildPhase;
			buildActionMask = 2147483647;
			files = (
			);
			runOnlyForDeploymentPostprocessing = 0;
		};
/* End PBXFrameworksBuildPhase section */

/* Begin PBXGroup section */
		A56B8E44207EFA9F00841A6D = {
			isa = PBXGroup;
			children = (
				A56B8E4F207EFA9F00841A6D /* HorizontalUIPickerView */,
				A56B8E4E207EFA9F00841A6D /* Products */,
			);
			sourceTree = "<group>";
		};
		A56B8E4E207EFA9F00841A6D /* Products */ = {
			isa = PBXGroup;
			children = (
				A56B8E4D207EFA9F00841A6D /* HorizontalUIPickerView.app */,
			);
			name = Products;
			sourceTree = "<group>";
		};
		A56B8E4F207EFA9F00841A6D /* HorizontalUIPickerView */ = {
			isa = PBXGroup;
			children = (
				A56B8E50207EFA9F00841A6D /* AppDelegate.swift */,
				A56B8E52207EFA9F00841A6D /* ViewController.swift */,
				A56B8E54207EFA9F00841A6D /* Main.storyboard */,
				A56B8E57207EFAA100841A6D /* Assets.xcassets */,
				A56B8E59207EFAA100841A6D /* LaunchScreen.storyboard */,
				A56B8E5C207EFAA100841A6D /* Info.plist */,
			);
			path = HorizontalUIPickerView;
			sourceTree = "<group>";
		};
/* End PBXGroup section */

/* Begin PBXNativeTarget section */
		A56B8E4C207EFA9F00841A6D /* HorizontalUIPickerView */ = {
			isa = PBXNativeTarget;
			buildConfigurationList = A56B8E5F207EFAA100841A6D /* Build configuration list for PBXNativeTarget "HorizontalUIPickerView" */;
			buildPhases = (
				A56B8E49207EFA9F00841A6D /* Sources */,
				A56B8E4A207EFA9F00841A6D /* Frameworks */,
				A56B8E4B207EFA9F00841A6D /* Resources */,
			);
			buildRules = (
			);
			dependencies = (
			);
			name = HorizontalUIPickerView;
			productName = HorizontalUIPickerView;
			productReference = A56B8E4D207EFA9F00841A6D /* HorizontalUIPickerView.app */;
			productType = "com.apple.product-type.application";
		};
/* End PBXNativeTarget section */

/* Begin PBXProject section */
		A56B8E45207EFA9F00841A6D /* Project object */ = {
			isa = PBXProject;
			attributes = {
				LastSwiftUpdateCheck = 0930;
				LastUpgradeCheck = 0930;
				ORGANIZATIONNAME = YuChienCheng;
				TargetAttributes = {
					A56B8E4C207EFA9F00841A6D = {
						CreatedOnToolsVersion = 9.3;
					};
				};
			};
			buildConfigurationList = A56B8E48207EFA9F00841A6D /* Build configuration list for PBXProject "HorizontalUIPickerView" */;
			compatibilityVersion = "Xcode 9.3";
			developmentRegion = en;
			hasScannedForEncodings = 0;
			knownRegions = (
				en,
				Base,
			);
			mainGroup = A56B8E44207EFA9F00841A6D;
			productRefGroup = A56B8E4E207EFA9F00841A6D /* Products */;
			projectDirPath = "";
			projectRoot = "";
			targets = (
				A56B8E4C207EFA9F00841A6D /* HorizontalUIPickerView */,
			);
		};
/* End PBXProject section */

/* Begin PBXResourcesBuildPhase section */
		A56B8E4B207EFA9F00841A6D /* Resources */ = {
			isa = PBXResourcesBuildPhase;
			buildActionMask = 2147483647;
			files = (
				A56B8E5B207EFAA100841A6D /* LaunchScreen.storyboard in Resources */,
				A56B8E58207EFAA100841A6D /* Assets.xcassets in Resources */,
				A56B8E56207EFA9F00841A6D /* Main.storyboard in Resources */,
			);
			runOnlyForDeploymentPostprocessing = 0;
		};
/* End PBXResourcesBuildPhase section */

/* Begin PBXSourcesBuildPhase section */
		A56B8E49207EFA9F00841A6D /* Sources */ = {
			isa = PBXSourcesBuildPhase;
			buildActionMask = 2147483647;
			files = (
				A56B8E53207EFA9F00841A6D /* ViewController.swift in Sources */,
				A56B8E51207EFA9F00841A6D /* AppDelegate.swift in Sources */,
			);
			runOnlyForDeploymentPostprocessing = 0;
		};
/* End PBXSourcesBuildPhase section */

/* Begin PBXVariantGroup section */
		A56B8E54207EFA9F00841A6D /* Main.storyboard */ = {
			isa = PBXVariantGroup;
			children = (
				A56B8E55207EFA9F00841A6D /* Base */,
			);
			name = Main.storyboard;
			sourceTree = "<group>";
		};
		A56B8E59207EFAA100841A6D /* LaunchScreen.storyboard */ = {
			isa = PBXVariantGroup;
			children = (
				A56B8E5A207EFAA100841A6D /* Base */,
			);
			name = LaunchScreen.storyboard;
			sourceTree = "<group>";
		};
/* End PBXVariantGroup section */

/* Begin XCBuildConfiguration section */
		A56B8E5D207EFAA100841A6D /* Debug */ = {
			isa = XCBuildConfiguration;
			buildSettings = {
				ALWAYS_SEARCH_USER_PATHS = NO;
				CLANG_ANALYZER_NONNULL = YES;
				CLANG_ANALYZER_NUMBER_OBJECT_CONVERSION = YES_AGGRESSIVE;
				CLANG_CXX_LANGUAGE_STANDARD = "gnu++14";
				CLANG_CXX_LIBRARY = "libc++";
				CLANG_ENABLE_MODULES = YES;
				CLANG_ENABLE_OBJC_ARC = YES;
				CLANG_ENABLE_OBJC_WEAK = YES;
				CLANG_WARN_BLOCK_CAPTURE_AUTORELEASING = YES;
				CLANG_WARN_BOOL_CONVERSION = YES;
				CLANG_WARN_COMMA = YES;
				CLANG_WARN_CONSTANT_CONVERSION = YES;
				CLANG_WARN_DEPRECATED_OBJC_IMPLEMENTATIONS = YES;
				CLANG_WARN_DIRECT_OBJC_ISA_USAGE = YES_ERROR;
				CLANG_WARN_DOCUMENTATION_COMMENTS = YES;
				CLANG_WARN_EMPTY_BODY = YES;
				CLANG_WARN_ENUM_CONVERSION = YES;
				CLANG_WARN_INFINITE_RECURSION = YES;
				CLANG_WARN_INT_CONVERSION = YES;
				CLANG_WARN_NON_LITERAL_NULL_CONVERSION = YES;
				CLANG_WARN_OBJC_IMPLICIT_RETAIN_SELF = YES;
				CLANG_WARN_OBJC_LITERAL_CONVERSION = YES;
				CLANG_WARN_OBJC_ROOT_CLASS = YES_ERROR;
				CLANG_WARN_RANGE_LOOP_ANALYSIS = YES;
				CLANG_WARN_STRICT_PROTOTYPES = YES;
				CLANG_WARN_SUSPICIOUS_MOVE = YES;
				CLANG_WARN_UNGUARDED_AVAILABILITY = YES_AGGRESSIVE;
				CLANG_WARN_UNREACHABLE_CODE = YES;
				CLANG_WARN__DUPLICATE_METHOD_MATCH = YES;
				CODE_SIGN_IDENTITY = "iPhone Developer";
				COPY_PHASE_STRIP = NO;
				DEBUG_INFORMATION_FORMAT = dwarf;
				ENABLE_STRICT_OBJC_MSGSEND = YES;
				ENABLE_TESTABILITY = YES;
				GCC_C_LANGUAGE_STANDARD = gnu11;
				GCC_DYNAMIC_NO_PIC = NO;
				GCC_NO_COMMON_BLOCKS = YES;
				GCC_OPTIMIZATION_LEVEL = 0;
				GCC_PREPROCESSOR_DEFINITIONS = (
					"DEBUG=1",
					"$(inherited)",
				);
				GCC_WARN_64_TO_32_BIT_CONVERSION = YES;
				GCC_WARN_ABOUT_RETURN_TYPE = YES_ERROR;
				GCC_WARN_UNDECLARED_SELECTOR = YES;
				GCC_WARN_UNINITIALIZED_AUTOS = YES_AGGRESSIVE;
				GCC_WARN_UNUSED_FUNCTION = YES;
				GCC_WARN_UNUSED_VARIABLE = YES;
				IPHONEOS_DEPLOYMENT_TARGET = 11.3;
				MTL_ENABLE_DEBUG_INFO = YES;
				ONLY_ACTIVE_ARCH = YES;
				SDKROOT = iphoneos;
				SWIFT_ACTIVE_COMPILATION_CONDITIONS = DEBUG;
				SWIFT_OPTIMIZATION_LEVEL = "-Onone";
			};
			name = Debug;
		};
		A56B8E5E207EFAA100841A6D /* Release */ = {
			isa = XCBuildConfiguration;
			buildSettings = {
				ALWAYS_SEARCH_USER_PATHS = NO;
				CLANG_ANALYZER_NONNULL = YES;
				CLANG_ANALYZER_NUMBER_OBJECT_CONVERSION = YES_AGGRESSIVE;
				CLANG_CXX_LANGUAGE_STANDARD = "gnu++14";
				CLANG_CXX_LIBRARY = "libc++";
				CLANG_ENABLE_MODULES = YES;
				CLANG_ENABLE_OBJC_ARC = YES;
				CLANG_ENABLE_OBJC_WEAK = YES;
				CLANG_WARN_BLOCK_CAPTURE_AUTORELEASING = YES;
				CLANG_WARN_BOOL_CONVERSION = YES;
				CLANG_WARN_COMMA = YES;
				CLANG_WARN_CONSTANT_CONVERSION = YES;
				CLANG_WARN_DEPRECATED_OBJC_IMPLEMENTATIONS = YES;
				CLANG_WARN_DIRECT_OBJC_ISA_USAGE = YES_ERROR;
				CLANG_WARN_DOCUMENTATION_COMMENTS = YES;
				CLANG_WARN_EMPTY_BODY = YES;
				CLANG_WARN_ENUM_CONVERSION = YES;
				CLANG_WARN_INFINITE_RECURSION = YES;
				CLANG_WARN_INT_CONVERSION = YES;
				CLANG_WARN_NON_LITERAL_NULL_CONVERSION = YES;
				CLANG_WARN_OBJC_IMPLICIT_RETAIN_SELF = YES;
				CLANG_WARN_OBJC_LITERAL_CONVERSION = YES;
				CLANG_WARN_OBJC_ROOT_CLASS = YES_ERROR;
				CLANG_WARN_RANGE_LOOP_ANALYSIS = YES;
				CLANG_WARN_STRICT_PROTOTYPES = YES;
				CLANG_WARN_SUSPICIOUS_MOVE = YES;
				CLANG_WARN_UNGUARDED_AVAILABILITY = YES_AGGRESSIVE;
				CLANG_WARN_UNREACHABLE_CODE = YES;
				CLANG_WARN__DUPLICATE_METHOD_MATCH = YES;
				CODE_SIGN_IDENTITY = "iPhone Developer";
				COPY_PHASE_STRIP = NO;
				DEBUG_INFORMATION_FORMAT = "dwarf-with-dsym";
				ENABLE_NS_ASSERTIONS = NO;
				ENABLE_STRICT_OBJC_MSGSEND = YES;
				GCC_C_LANGUAGE_STANDARD = gnu11;
				GCC_NO_COMMON_BLOCKS = YES;
				GCC_WARN_64_TO_32_BIT_CONVERSION = YES;
				GCC_WARN_ABOUT_RETURN_TYPE = YES_ERROR;
				GCC_WARN_UNDECLARED_SELECTOR = YES;
				GCC_WARN_UNINITIALIZED_AUTOS = YES_AGGRESSIVE;
				GCC_WARN_UNUSED_FUNCTION = YES;
				GCC_WARN_UNUSED_VARIABLE = YES;
				IPHONEOS_DEPLOYMENT_TARGET = 11.3;
				MTL_ENABLE_DEBUG_INFO = NO;
				SDKROOT = iphoneos;
				SWIFT_COMPILATION_MODE = wholemodule;
				SWIFT_OPTIMIZATION_LEVEL = "-O";
				VALIDATE_PRODUCT = YES;
			};
			name = Release;
		};
		A56B8E60207EFAA100841A6D /* Debug */ = {
			isa = XCBuildConfiguration;
			buildSettings = {
				ASSETCATALOG_COMPILER_APPICON_NAME = AppIcon;
				CODE_SIGN_STYLE = Automatic;
				DEVELOPMENT_TEAM = N334XERY4R;
				INFOPLIST_FILE = HorizontalUIPickerView/Info.plist;
				LD_RUNPATH_SEARCH_PATHS = (
					"$(inherited)",
					"@executable_path/Frameworks",
				);
				PRODUCT_BUNDLE_IDENTIFIER = com.ChienCheng.HorizontalUIPickerView;
				PRODUCT_NAME = "$(TARGET_NAME)";
				SWIFT_VERSION = 4.0;
				TARGETED_DEVICE_FAMILY = "1,2";
			};
			name = Debug;
		};
		A56B8E61207EFAA100841A6D /* Release */ = {
			isa = XCBuildConfiguration;
			buildSettings = {
				ASSETCATALOG_COMPILER_APPICON_NAME = AppIcon;
				CODE_SIGN_STYLE = Automatic;
				DEVELOPMENT_TEAM = N334XERY4R;
				INFOPLIST_FILE = HorizontalUIPickerView/Info.plist;
				LD_RUNPATH_SEARCH_PATHS = (
					"$(inherited)",
					"@executable_path/Frameworks",
				);
				PRODUCT_BUNDLE_IDENTIFIER = com.ChienCheng.HorizontalUIPickerView;
				PRODUCT_NAME = "$(TARGET_NAME)";
				SWIFT_VERSION = 4.0;
				TARGETED_DEVICE_FAMILY = "1,2";
			};
			name = Release;
		};
/* End XCBuildConfiguration section */

/* Begin XCConfigurationList section */
		A56B8E48207EFA9F00841A6D /* Build configuration list for PBXProject "HorizontalUIPickerView" */ = {
			isa = XCConfigurationList;
			buildConfigurations = (
				A56B8E5D207EFAA100841A6D /* Debug */,
				A56B8E5E207EFAA100841A6D /* Release */,
			);
			defaultConfigurationIsVisible = 0;
			defaultConfigurationName = Release;
		};
		A56B8E5F207EFAA100841A6D /* Build configuration list for PBXNativeTarget "HorizontalUIPickerView" */ = {
			isa = XCConfigurationList;
			buildConfigurations = (
				A56B8E60207EFAA100841A6D /* Debug */,
				A56B8E61207EFAA100841A6D /* Release */,
			);
			defaultConfigurationIsVisible = 0;
			defaultConfigurationName = Release;
		};
/* End XCConfigurationList section */
	};
	rootObject = A56B8E45207EFA9F00841A6D /* Project object */;
}
